
Microsoft Visual Studio Solution File, Format Version 10.00
# Visual Studio 2008
Project("{13F0E7AC-464B-4825-8E1A-AD058964397D}") = "PCFWithVaryingPenumbraSize", "PCFWithVaryingPenumbraSize.vcproj", "{AD6519F9-A4A6-43BB-93A9-DF0E0647C2E9}"
	ProjectSection(ProjectDependencies) = postProject
		{85344B7F-5AA0-4E12-A065-D1333D11F6CA} = {85344B7F-5AA0-4E12-A065-D1333D11F6CA}
		{61B333C2-C4F7-4CC1-A9BF-83F6D95588EB} = {61B333C2-C4F7-4CC1-A9BF-83F6D95588EB}
	EndProjectSection
EndProject
Project("{13F0E7AC-464B-4825-8E1A-AD058964397D}") = "DXUT", "..\..\DXUT11\Core\DXUT_2008.vcproj", "{85344B7F-5AA0-4E12-A065-D1333D11F6CA}"
EndProject
Project("{13F0E7AC-464B-4825-8E1A-AD058964397D}") = "DXUTOpt", "..\..\DXUT11\Optional\DXUTOpt_2008.vcproj", "{61B333C2-C4F7-4CC1-A9BF-83F6D95588EB}"
EndProject
Global
	GlobalSection(SolutionConfigurationPlatforms) = preSolution
		Debug|Win32 = Debug|Win32
		Debug|x64 = Debug|x64
		Release|Win32 = Release|Win32
		Release|x64 = Release|x64
	EndGlobalSection
	GlobalSection(ProjectConfigurationPlatforms) = postSolution
		{AD6519F9-A4A6-43BB-93A9-DF0E0647C2E9}.Debug|Win32.ActiveCfg = Debug|Win32
		{AD6519F9-A4A6-43BB-93A9-DF0E0647C2E9}.Debug|Win32.Build.0 = Debug|Win32
		{AD6519F9-A4A6-43BB-93A9-DF0E0647C2E9}.Debug|x64.ActiveCfg = Debug|Win32
		{AD6519F9-A4A6-43BB-93A9-DF0E0647C2E9}.Release|Win32.ActiveCfg = Release|Win32
		{AD6519F9-A4A6-43BB-93A9-DF0E0647C2E9}.Release|Win32.Build.0 = Release|Win32
		{AD6519F9-A4A6-43BB-93A9-DF0E0647C2E9}.Release|x64.ActiveCfg = Release|Win32
		{85344B7F-5AA0-4E12-A065-D1333D11F6CA}.Debug|Win32.ActiveCfg = Debug|Win32
		{85344B7F-5AA0-4E12-A065-D1333D11F6CA}.Debug|Win32.Build.0 = Debug|Win32
		{85344B7F-5AA0-4E12-A065-D1333D11F6CA}.Debug|x64.ActiveCfg = Debug|Win32
		{85344B7F-5AA0-4E12-A065-D1333D11F6CA}.Release|Win32.ActiveCfg = Release|Win32
		{85344B7F-5AA0-4E12-A065-D1333D11F6CA}.Release|Win32.Build.0 = Release|Win32
		{85344B7F-5AA0-4E12-A065-D1333D11F6CA}.Release|x64.ActiveCfg = Release|Win32
		{61B333C2-C4F7-4CC1-A9BF-83F6D95588EB}.Debug|Win32.ActiveCfg = Debug|Win32
		{61B333C2-C4F7-4CC1-A9BF-83F6D95588EB}.Debug|Win32.Build.0 = Debug|Win32
		{61B333C2-C4F7-4CC1-A9BF-83F6D95588EB}.Debug|x64.ActiveCfg = Debug|x64
		{61B333C2-C4F7-4CC1-A9BF-83F6D95588EB}.Release|Win32.ActiveCfg = Release|Win32
		{61B333C2-C4F7-4CC1-A9BF-83F6D95588EB}.Release|Win32.Build.0 = Release|Win32
		{61B333C2-C4F7-4CC1-A9BF-83F6D95588EB}.Release|x64.ActiveCfg = Release|x64
	EndGlobalSection
	GlobalSection(SolutionProperties) = preSolution
		HideSolutionNode = FALSE
	EndGlobalSection
EndGlobal
